// !$*UTF8*$!
{
	archiveVersion = 1;
	classes = {
	};
	objectVersion = 55;
	objects = {

/* Begin PBXBuildFile section */
		1039CF6C27836E3600EAA974 /* InventoryItem.swift in Sources */ = {isa = PBXBuildFile; fileRef = 1039CF6B27836E3600EAA974 /* InventoryItem.swift */; };
		1039CF7027836FDE00EAA974 /* Storage.swift in Sources */ = {isa = PBXBuildFile; fileRef = 1039CF6F27836FDE00EAA974 /* Storage.swift */; };
		10BBC0EF2785132B0082B6ED /* ItemCell.swift in Sources */ = {isa = PBXBuildFile; fileRef = 10BBC0ED2785132B0082B6ED /* ItemCell.swift */; };
		10BBC0F02785132B0082B6ED /* ItemCell.xib in Resources */ = {isa = PBXBuildFile; fileRef = 10BBC0EE2785132B0082B6ED /* ItemCell.xib */; };
		10BBC0F2278536B60082B6ED /* EditViewController.swift in Sources */ = {isa = PBXBuildFile; fileRef = 10BBC0F1278536B60082B6ED /* EditViewController.swift */; };
		10CC7EB1278838D20072AC24 /* TrashViewController.swift in Sources */ = {isa = PBXBuildFile; fileRef = 10CC7EB0278838D20072AC24 /* TrashViewController.swift */; };
		DA264F25278356100088D98A /* AppDelegate.swift in Sources */ = {isa = PBXBuildFile; fileRef = DA264F24278356100088D98A /* AppDelegate.swift */; };
		DA264F27278356100088D98A /* SceneDelegate.swift in Sources */ = {isa = PBXBuildFile; fileRef = DA264F26278356100088D98A /* SceneDelegate.swift */; };
		DA264F2C278356100088D98A /* Main.storyboard in Resources */ = {isa = PBXBuildFile; fileRef = DA264F2A278356100088D98A /* Main.storyboard */; };
		DA264F2E278356130088D98A /* Assets.xcassets in Resources */ = {isa = PBXBuildFile; fileRef = DA264F2D278356130088D98A /* Assets.xcassets */; };
		DA264F31278356130088D98A /* LaunchScreen.storyboard in Resources */ = {isa = PBXBuildFile; fileRef = DA264F2F278356130088D98A /* LaunchScreen.storyboard */; };
		DA264F3F278358E50088D98A /* UIViewController+.swift in Sources */ = {isa = PBXBuildFile; fileRef = DA264F3E278358E50088D98A /* UIViewController+.swift */; };
		DA264F42278359E80088D98A /* HomeViewController.swift in Sources */ = {isa = PBXBuildFile; fileRef = DA264F41278359E80088D98A /* HomeViewController.swift */; };
		DA72E7B2278474A700F9A0AC /* ItemsViewController.swift in Sources */ = {isa = PBXBuildFile; fileRef = DA72E7B1278474A700F9A0AC /* ItemsViewController.swift */; };
		DA81AA0B278A0866000A0F63 /* UIAlertController+.swift in Sources */ = {isa = PBXBuildFile; fileRef = DA81AA0A278A0866000A0F63 /* UIAlertController+.swift */; };
		DA81AA0D278AE0ED000A0F63 /* CodeScannerController.swift in Sources */ = {isa = PBXBuildFile; fileRef = DA81AA0C278AE0ED000A0F63 /* CodeScannerController.swift */; };
/* End PBXBuildFile section */

/* Begin PBXFileReference section */
		1039CF6B27836E3600EAA974 /* InventoryItem.swift */ = {isa = PBXFileReference; lastKnownFileType = sourcecode.swift; path = InventoryItem.swift; sourceTree = "<group>"; };
		1039CF6F27836FDE00EAA974 /* Storage.swift */ = {isa = PBXFileReference; lastKnownFileType = sourcecode.swift; path = Storage.swift; sourceTree = "<group>"; };
		10BBC0ED2785132B0082B6ED /* ItemCell.swift */ = {isa = PBXFileReference; lastKnownFileType = sourcecode.swift; path = ItemCell.swift; sourceTree = "<group>"; };
		10BBC0EE2785132B0082B6ED /* ItemCell.xib */ = {isa = PBXFileReference; lastKnownFileType = file.xib; path = ItemCell.xib; sourceTree = "<group>"; };
		10BBC0F1278536B60082B6ED /* EditViewController.swift */ = {isa = PBXFileReference; lastKnownFileType = sourcecode.swift; path = EditViewController.swift; sourceTree = "<group>"; };
		10CC7EB0278838D20072AC24 /* TrashViewController.swift */ = {isa = PBXFileReference; lastKnownFileType = sourcecode.swift; path = TrashViewController.swift; sourceTree = "<group>"; };
		DA264F21278356100088D98A /* InventoryList.app */ = {isa = PBXFileReference; explicitFileType = wrapper.application; includeInIndex = 0; path = InventoryList.app; sourceTree = BUILT_PRODUCTS_DIR; };
		DA264F24278356100088D98A /* AppDelegate.swift */ = {isa = PBXFileReference; lastKnownFileType = sourcecode.swift; path = AppDelegate.swift; sourceTree = "<group>"; };
		DA264F26278356100088D98A /* SceneDelegate.swift */ = {isa = PBXFileReference; lastKnownFileType = sourcecode.swift; path = SceneDelegate.swift; sourceTree = "<group>"; };
		DA264F2B278356100088D98A /* Base */ = {isa = PBXFileReference; lastKnownFileType = file.storyboard; name = Base; path = Base.lproj/Main.storyboard; sourceTree = "<group>"; };
		DA264F2D278356130088D98A /* Assets.xcassets */ = {isa = PBXFileReference; lastKnownFileType = folder.assetcatalog; path = Assets.xcassets; sourceTree = "<group>"; };
		DA264F30278356130088D98A /* Base */ = {isa = PBXFileReference; lastKnownFileType = file.storyboard; name = Base; path = Base.lproj/LaunchScreen.storyboard; sourceTree = "<group>"; };
		DA264F32278356130088D98A /* Info.plist */ = {isa = PBXFileReference; lastKnownFileType = text.plist.xml; path = Info.plist; sourceTree = "<group>"; };
		DA264F3E278358E50088D98A /* UIViewController+.swift */ = {isa = PBXFileReference; fileEncoding = 4; lastKnownFileType = sourcecode.swift; path = "UIViewController+.swift"; sourceTree = "<group>"; };
		DA264F41278359E80088D98A /* HomeViewController.swift */ = {isa = PBXFileReference; fileEncoding = 4; lastKnownFileType = sourcecode.swift; path = HomeViewController.swift; sourceTree = "<group>"; };
		DA72E7B1278474A700F9A0AC /* ItemsViewController.swift */ = {isa = PBXFileReference; fileEncoding = 4; lastKnownFileType = sourcecode.swift; path = ItemsViewController.swift; sourceTree = "<group>"; };
		DA81AA0A278A0866000A0F63 /* UIAlertController+.swift */ = {isa = PBXFileReference; lastKnownFileType = sourcecode.swift; path = "UIAlertController+.swift"; sourceTree = "<group>"; };
		DA81AA0C278AE0ED000A0F63 /* CodeScannerController.swift */ = {isa = PBXFileReference; fileEncoding = 4; lastKnownFileType = sourcecode.swift; path = CodeScannerController.swift; sourceTree = "<group>"; };
/* End PBXFileReference section */

/* Begin PBXFrameworksBuildPhase section */
		DA264F1E278356100088D98A /* Frameworks */ = {
			isa = PBXFrameworksBuildPhase;
			buildActionMask = 2147483647;
			files = (
			);
			runOnlyForDeploymentPostprocessing = 0;
		};
/* End PBXFrameworksBuildPhase section */

/* Begin PBXGroup section */
		1039CF6A27836E1700EAA974 /* Model */ = {
			isa = PBXGroup;
			children = (
				1039CF6B27836E3600EAA974 /* InventoryItem.swift */,
				1039CF6F27836FDE00EAA974 /* Storage.swift */,
			);
			path = Model;
			sourceTree = "<group>";
		};
		DA264F18278356100088D98A = {
			isa = PBXGroup;
			children = (
				DA264F23278356100088D98A /* InventoryList */,
				DA264F22278356100088D98A /* Products */,
			);
			sourceTree = "<group>";
		};
		DA264F22278356100088D98A /* Products */ = {
			isa = PBXGroup;
			children = (
				DA264F21278356100088D98A /* InventoryList.app */,
			);
			name = Products;
			sourceTree = "<group>";
		};
		DA264F23278356100088D98A /* InventoryList */ = {
			isa = PBXGroup;
			children = (
				1039CF6A27836E1700EAA974 /* Model */,
				DA72E7B52784AE6C00F9A0AC /* Views */,
				DA264F382783562A0088D98A /* ViewControllers */,
				DA264F39278357AE0088D98A /* Storyboards */,
				DA264F3B278358040088D98A /* SupportingFiles */,
				DA264F40278359020088D98A /* AuxiliaryFiles */,
				DA264F3A278357D50088D98A /* Resources */,
			);
			path = InventoryList;
			sourceTree = "<group>";
		};
		DA264F382783562A0088D98A /* ViewControllers */ = {
			isa = PBXGroup;
			children = (
				DA264F41278359E80088D98A /* HomeViewController.swift */,
				DA72E7B1278474A700F9A0AC /* ItemsViewController.swift */,
				10BBC0F1278536B60082B6ED /* EditViewController.swift */,
				10CC7EB0278838D20072AC24 /* TrashViewController.swift */,
				DA81AA0C278AE0ED000A0F63 /* CodeScannerController.swift */,
			);
			path = ViewControllers;
			sourceTree = "<group>";
		};
		DA264F39278357AE0088D98A /* Storyboards */ = {
			isa = PBXGroup;
			children = (
				DA264F2A278356100088D98A /* Main.storyboard */,
				DA264F2F278356130088D98A /* LaunchScreen.storyboard */,
			);
			path = Storyboards;
			sourceTree = "<group>";
		};
		DA264F3A278357D50088D98A /* Resources */ = {
			isa = PBXGroup;
			children = (
				DA264F2D278356130088D98A /* Assets.xcassets */,
			);
			path = Resources;
			sourceTree = "<group>";
		};
		DA264F3B278358040088D98A /* SupportingFiles */ = {
			isa = PBXGroup;
			children = (
				DA264F24278356100088D98A /* AppDelegate.swift */,
				DA264F26278356100088D98A /* SceneDelegate.swift */,
				DA264F32278356130088D98A /* Info.plist */,
			);
			path = SupportingFiles;
			sourceTree = "<group>";
		};
		DA264F40278359020088D98A /* AuxiliaryFiles */ = {
			isa = PBXGroup;
			children = (
				DA264F3E278358E50088D98A /* UIViewController+.swift */,
				DA81AA0A278A0866000A0F63 /* UIAlertController+.swift */,
			);
			path = AuxiliaryFiles;
			sourceTree = "<group>";
		};
		DA72E7B52784AE6C00F9A0AC /* Views */ = {
			isa = PBXGroup;
			children = (
				10BBC0ED2785132B0082B6ED /* ItemCell.swift */,
				10BBC0EE2785132B0082B6ED /* ItemCell.xib */,
			);
			path = Views;
			sourceTree = "<group>";
		};
/* End PBXGroup section */

/* Begin PBXNativeTarget section */
		DA264F20278356100088D98A /* InventoryList */ = {
			isa = PBXNativeTarget;
			buildConfigurationList = DA264F35278356130088D98A /* Build configuration list for PBXNativeTarget "InventoryList" */;
			buildPhases = (
				DA264F1D278356100088D98A /* Sources */,
				DA264F1E278356100088D98A /* Frameworks */,
				DA264F1F278356100088D98A /* Resources */,
			);
			buildRules = (
			);
			dependencies = (
			);
			name = InventoryList;
			productName = InventoryList;
			productReference = DA264F21278356100088D98A /* InventoryList.app */;
			productType = "com.apple.product-type.application";
		};
/* End PBXNativeTarget section */

/* Begin PBXProject section */
		DA264F19278356100088D98A /* Project object */ = {
			isa = PBXProject;
			attributes = {
				BuildIndependentTargetsInParallel = 1;
				LastSwiftUpdateCheck = 1320;
				LastUpgradeCheck = 1320;
				TargetAttributes = {
					DA264F20278356100088D98A = {
						CreatedOnToolsVersion = 13.2;
					};
				};
			};
			buildConfigurationList = DA264F1C278356100088D98A /* Build configuration list for PBXProject "InventoryList" */;
			compatibilityVersion = "Xcode 13.0";
			developmentRegion = en;
			hasScannedForEncodings = 0;
			knownRegions = (
				en,
				Base,
			);
			mainGroup = DA264F18278356100088D98A;
			productRefGroup = DA264F22278356100088D98A /* Products */;
			projectDirPath = "";
			projectRoot = "";
			targets = (
				DA264F20278356100088D98A /* InventoryList */,
			);
		};
/* End PBXProject section */

/* Begin PBXResourcesBuildPhase section */
		DA264F1F278356100088D98A /* Resources */ = {
			isa = PBXResourcesBuildPhase;
			buildActionMask = 2147483647;
			files = (
				10BBC0F02785132B0082B6ED /* ItemCell.xib in Resources */,
				DA264F31278356130088D98A /* LaunchScreen.storyboard in Resources */,
				DA264F2E278356130088D98A /* Assets.xcassets in Resources */,
				DA264F2C278356100088D98A /* Main.storyboard in Resources */,
			);
			runOnlyForDeploymentPostprocessing = 0;
		};
/* End PBXResourcesBuildPhase section */

/* Begin PBXSourcesBuildPhase section */
		DA264F1D278356100088D98A /* Sources */ = {
			isa = PBXSourcesBuildPhase;
			buildActionMask = 2147483647;
			files = (
				DA264F42278359E80088D98A /* HomeViewController.swift in Sources */,
				10CC7EB1278838D20072AC24 /* TrashViewController.swift in Sources */,
				DA72E7B2278474A700F9A0AC /* ItemsViewController.swift in Sources */,
				10BBC0EF2785132B0082B6ED /* ItemCell.swift in Sources */,
				1039CF6C27836E3600EAA974 /* InventoryItem.swift in Sources */,
				DA81AA0D278AE0ED000A0F63 /* CodeScannerController.swift in Sources */,
				DA264F25278356100088D98A /* AppDelegate.swift in Sources */,
				1039CF7027836FDE00EAA974 /* Storage.swift in Sources */,
				DA264F3F278358E50088D98A /* UIViewController+.swift in Sources */,
				DA264F27278356100088D98A /* SceneDelegate.swift in Sources */,
				10BBC0F2278536B60082B6ED /* EditViewController.swift in Sources */,
				DA81AA0B278A0866000A0F63 /* UIAlertController+.swift in Sources */,
			);
			runOnlyForDeploymentPostprocessing = 0;
		};
/* End PBXSourcesBuildPhase section */

/* Begin PBXVariantGroup section */
		DA264F2A278356100088D98A /* Main.storyboard */ = {
			isa = PBXVariantGroup;
			children = (
				DA264F2B278356100088D98A /* Base */,
			);
			name = Main.storyboard;
			sourceTree = "<group>";
		};
		DA264F2F278356130088D98A /* LaunchScreen.storyboard */ = {
			isa = PBXVariantGroup;
			children = (
				DA264F30278356130088D98A /* Base */,
			);
			name = LaunchScreen.storyboard;
			sourceTree = "<group>";
		};
/* End PBXVariantGroup section */

/* Begin XCBuildConfiguration section */
		DA264F33278356130088D98A /* Debug */ = {
			isa = XCBuildConfiguration;
			buildSettings = {
				ALWAYS_SEARCH_USER_PATHS = NO;
				CLANG_ANALYZER_NONNULL = YES;
				CLANG_ANALYZER_NUMBER_OBJECT_CONVERSION = YES_AGGRESSIVE;
				CLANG_CXX_LANGUAGE_STANDARD = "gnu++17";
				CLANG_CXX_LIBRARY = "libc++";
				CLANG_ENABLE_MODULES = YES;
				CLANG_ENABLE_OBJC_ARC = YES;
				CLANG_ENABLE_OBJC_WEAK = YES;
				CLANG_WARN_BLOCK_CAPTURE_AUTORELEASING = YES;
				CLANG_WARN_BOOL_CONVERSION = YES;
				CLANG_WARN_COMMA = YES;
				CLANG_WARN_CONSTANT_CONVERSION = YES;
				CLANG_WARN_DEPRECATED_OBJC_IMPLEMENTATIONS = YES;
				CLANG_WARN_DIRECT_OBJC_ISA_USAGE = YES_ERROR;
				CLANG_WARN_DOCUMENTATION_COMMENTS = YES;
				CLANG_WARN_EMPTY_BODY = YES;
				CLANG_WARN_ENUM_CONVERSION = YES;
				CLANG_WARN_INFINITE_RECURSION = YES;
				CLANG_WARN_INT_CONVERSION = YES;
				CLANG_WARN_NON_LITERAL_NULL_CONVERSION = YES;
				CLANG_WARN_OBJC_IMPLICIT_RETAIN_SELF = YES;
				CLANG_WARN_OBJC_LITERAL_CONVERSION = YES;
				CLANG_WARN_OBJC_ROOT_CLASS = YES_ERROR;
				CLANG_WARN_QUOTED_INCLUDE_IN_FRAMEWORK_HEADER = YES;
				CLANG_WARN_RANGE_LOOP_ANALYSIS = YES;
				CLANG_WARN_STRICT_PROTOTYPES = YES;
				CLANG_WARN_SUSPICIOUS_MOVE = YES;
				CLANG_WARN_UNGUARDED_AVAILABILITY = YES_AGGRESSIVE;
				CLANG_WARN_UNREACHABLE_CODE = YES;
				CLANG_WARN__DUPLICATE_METHOD_MATCH = YES;
				COPY_PHASE_STRIP = NO;
				DEBUG_INFORMATION_FORMAT = dwarf;
				ENABLE_STRICT_OBJC_MSGSEND = YES;
				ENABLE_TESTABILITY = YES;
				GCC_C_LANGUAGE_STANDARD = gnu11;
				GCC_DYNAMIC_NO_PIC = NO;
				GCC_NO_COMMON_BLOCKS = YES;
				GCC_OPTIMIZATION_LEVEL = 0;
				GCC_PREPROCESSOR_DEFINITIONS = (
					"DEBUG=1",
					"$(inherited)",
				);
				GCC_WARN_64_TO_32_BIT_CONVERSION = YES;
				GCC_WARN_ABOUT_RETURN_TYPE = YES_ERROR;
				GCC_WARN_UNDECLARED_SELECTOR = YES;
				GCC_WARN_UNINITIALIZED_AUTOS = YES_AGGRESSIVE;
				GCC_WARN_UNUSED_FUNCTION = YES;
				GCC_WARN_UNUSED_VARIABLE = YES;
				IPHONEOS_DEPLOYMENT_TARGET = 15.2;
				MTL_ENABLE_DEBUG_INFO = INCLUDE_SOURCE;
				MTL_FAST_MATH = YES;
				ONLY_ACTIVE_ARCH = YES;
				SDKROOT = iphoneos;
				SWIFT_ACTIVE_COMPILATION_CONDITIONS = DEBUG;
				SWIFT_OPTIMIZATION_LEVEL = "-Onone";
			};
			name = Debug;
		};
		DA264F34278356130088D98A /* Release */ = {
			isa = XCBuildConfiguration;
			buildSettings = {
				ALWAYS_SEARCH_USER_PATHS = NO;
				CLANG_ANALYZER_NONNULL = YES;
				CLANG_ANALYZER_NUMBER_OBJECT_CONVERSION = YES_AGGRESSIVE;
				CLANG_CXX_LANGUAGE_STANDARD = "gnu++17";
				CLANG_CXX_LIBRARY = "libc++";
				CLANG_ENABLE_MODULES = YES;
				CLANG_ENABLE_OBJC_ARC = YES;
				CLANG_ENABLE_OBJC_WEAK = YES;
				CLANG_WARN_BLOCK_CAPTURE_AUTORELEASING = YES;
				CLANG_WARN_BOOL_CONVERSION = YES;
				CLANG_WARN_COMMA = YES;
				CLANG_WARN_CONSTANT_CONVERSION = YES;
				CLANG_WARN_DEPRECATED_OBJC_IMPLEMENTATIONS = YES;
				CLANG_WARN_DIRECT_OBJC_ISA_USAGE = YES_ERROR;
				CLANG_WARN_DOCUMENTATION_COMMENTS = YES;
				CLANG_WARN_EMPTY_BODY = YES;
				CLANG_WARN_ENUM_CONVERSION = YES;
				CLANG_WARN_INFINITE_RECURSION = YES;
				CLANG_WARN_INT_CONVERSION = YES;
				CLANG_WARN_NON_LITERAL_NULL_CONVERSION = YES;
				CLANG_WARN_OBJC_IMPLICIT_RETAIN_SELF = YES;
				CLANG_WARN_OBJC_LITERAL_CONVERSION = YES;
				CLANG_WARN_OBJC_ROOT_CLASS = YES_ERROR;
				CLANG_WARN_QUOTED_INCLUDE_IN_FRAMEWORK_HEADER = YES;
				CLANG_WARN_RANGE_LOOP_ANALYSIS = YES;
				CLANG_WARN_STRICT_PROTOTYPES = YES;
				CLANG_WARN_SUSPICIOUS_MOVE = YES;
				CLANG_WARN_UNGUARDED_AVAILABILITY = YES_AGGRESSIVE;
				CLANG_WARN_UNREACHABLE_CODE = YES;
				CLANG_WARN__DUPLICATE_METHOD_MATCH = YES;
				COPY_PHASE_STRIP = NO;
				DEBUG_INFORMATION_FORMAT = "dwarf-with-dsym";
				ENABLE_NS_ASSERTIONS = NO;
				ENABLE_STRICT_OBJC_MSGSEND = YES;
				GCC_C_LANGUAGE_STANDARD = gnu11;
				GCC_NO_COMMON_BLOCKS = YES;
				GCC_WARN_64_TO_32_BIT_CONVERSION = YES;
				GCC_WARN_ABOUT_RETURN_TYPE = YES_ERROR;
				GCC_WARN_UNDECLARED_SELECTOR = YES;
				GCC_WARN_UNINITIALIZED_AUTOS = YES_AGGRESSIVE;
				GCC_WARN_UNUSED_FUNCTION = YES;
				GCC_WARN_UNUSED_VARIABLE = YES;
				IPHONEOS_DEPLOYMENT_TARGET = 15.2;
				MTL_ENABLE_DEBUG_INFO = NO;
				MTL_FAST_MATH = YES;
				SDKROOT = iphoneos;
				SWIFT_COMPILATION_MODE = wholemodule;
				SWIFT_OPTIMIZATION_LEVEL = "-O";
				VALIDATE_PRODUCT = YES;
			};
			name = Release;
		};
		DA264F36278356130088D98A /* Debug */ = {
			isa = XCBuildConfiguration;
			buildSettings = {
				ASSETCATALOG_COMPILER_APPICON_NAME = AppIcon;
				ASSETCATALOG_COMPILER_GLOBAL_ACCENT_COLOR_NAME = AccentColor;
				CODE_SIGN_STYLE = Automatic;
				CURRENT_PROJECT_VERSION = 1;
				DEVELOPMENT_TEAM = WEJF495R4D;
				GENERATE_INFOPLIST_FILE = YES;
				INFOPLIST_FILE = InventoryList/SupportingFiles/Info.plist;
				INFOPLIST_KEY_UIApplicationSupportsIndirectInputEvents = YES;
				INFOPLIST_KEY_UILaunchStoryboardName = LaunchScreen;
				INFOPLIST_KEY_UIMainStoryboardFile = Main;
				INFOPLIST_KEY_UISupportedInterfaceOrientations_iPad = "UIInterfaceOrientationPortrait UIInterfaceOrientationPortraitUpsideDown UIInterfaceOrientationLandscapeLeft UIInterfaceOrientationLandscapeRight";
				INFOPLIST_KEY_UISupportedInterfaceOrientations_iPhone = "UIInterfaceOrientationPortrait UIInterfaceOrientationLandscapeLeft UIInterfaceOrientationLandscapeRight";
				IPHONEOS_DEPLOYMENT_TARGET = 15.0;
				LD_RUNPATH_SEARCH_PATHS = (
					"$(inherited)",
					"@executable_path/Frameworks",
				);
				MARKETING_VERSION = 1.0;
				PRODUCT_BUNDLE_IDENTIFIER = com.learnablehw.InventoryList;
				PRODUCT_NAME = "$(TARGET_NAME)";
				SWIFT_EMIT_LOC_STRINGS = YES;
				SWIFT_VERSION = 5.0;
				TARGETED_DEVICE_FAMILY = "1,2";
			};
			name = Debug;
		};
		DA264F37278356130088D98A /* Release */ = {
			isa = XCBuildConfiguration;
			buildSettings = {
				ASSETCATALOG_COMPILER_APPICON_NAME = AppIcon;
				ASSETCATALOG_COMPILER_GLOBAL_ACCENT_COLOR_NAME = AccentColor;
				CODE_SIGN_STYLE = Automatic;
				CURRENT_PROJECT_VERSION = 1;
				DEVELOPMENT_TEAM = WEJF495R4D;
				GENERATE_INFOPLIST_FILE = YES;
				INFOPLIST_FILE = InventoryList/SupportingFiles/Info.plist;
				INFOPLIST_KEY_UIApplicationSupportsIndirectInputEvents = YES;
				INFOPLIST_KEY_UILaunchStoryboardName = LaunchScreen;
				INFOPLIST_KEY_UIMainStoryboardFile = Main;
				INFOPLIST_KEY_UISupportedInterfaceOrientations_iPad = "UIInterfaceOrientationPortrait UIInterfaceOrientationPortraitUpsideDown UIInterfaceOrientationLandscapeLeft UIInterfaceOrientationLandscapeRight";
				INFOPLIST_KEY_UISupportedInterfaceOrientations_iPhone = "UIInterfaceOrientationPortrait UIInterfaceOrientationLandscapeLeft UIInterfaceOrientationLandscapeRight";
				IPHONEOS_DEPLOYMENT_TARGET = 15.0;
				LD_RUNPATH_SEARCH_PATHS = (
					"$(inherited)",
					"@executable_path/Frameworks",
				);
				MARKETING_VERSION = 1.0;
				PRODUCT_BUNDLE_IDENTIFIER = com.learnablehw.InventoryList;
				PRODUCT_NAME = "$(TARGET_NAME)";
				SWIFT_EMIT_LOC_STRINGS = YES;
				SWIFT_VERSION = 5.0;
				TARGETED_DEVICE_FAMILY = "1,2";
			};
			name = Release;
		};
/* End XCBuildConfiguration section */

/* Begin XCConfigurationList section */
		DA264F1C278356100088D98A /* Build configuration list for PBXProject "InventoryList" */ = {
			isa = XCConfigurationList;
			buildConfigurations = (
				DA264F33278356130088D98A /* Debug */,
				DA264F34278356130088D98A /* Release */,
			);
			defaultConfigurationIsVisible = 0;
			defaultConfigurationName = Release;
		};
		DA264F35278356130088D98A /* Build configuration list for PBXNativeTarget "InventoryList" */ = {
			isa = XCConfigurationList;
			buildConfigurations = (
				DA264F36278356130088D98A /* Debug */,
				DA264F37278356130088D98A /* Release */,
			);
			defaultConfigurationIsVisible = 0;
			defaultConfigurationName = Release;
		};
/* End XCConfigurationList section */
	};
	rootObject = DA264F19278356100088D98A /* Project object */;
}
